
Microsoft Visual Studio Solution File, Format Version 12.00
# Visual Studio Version 16
VisualStudioVersion = 16.0.30804.86
MinimumVisualStudioVersion = 15.0.26124.0
Project("{2150E333-8FDC-42A3-9474-1A3956D46DE8}") = "1 - Services", "1 - Services", "{5CAD4890-801A-42C5-B8B8-64B732F4A5E2}"
EndProject
Project("{9A19103F-16F7-4668-BE54-9A1E7A4F7556}") = "ProjectCoreDDD.API", "1 - Services\ProjectCoreDDD.API\ProjectCoreDDD.API.csproj", "{CF00AEAD-BD70-4A3B-8498-74C61F231BA9}"
EndProject
Project("{2150E333-8FDC-42A3-9474-1A3956D46DE8}") = "2 - Application", "2 - Application", "{846E4019-9EC2-48EF-831E-3C19D12CA5FE}"
EndProject
Project("{9A19103F-16F7-4668-BE54-9A1E7A4F7556}") = "ProjectCoreDDD.Application", "2 - Application\ProjectCoreDDD.Application\ProjectCoreDDD.Application.csproj", "{0DCBB7FF-1BEE-4D1D-8335-6F16418C2829}"
EndProject
Project("{2150E333-8FDC-42A3-9474-1A3956D46DE8}") = "3 - Domain", "3 - Domain", "{27591DDD-F99A-49BB-B9F8-3D0F6D4DC53A}"
EndProject
Project("{9A19103F-16F7-4668-BE54-9A1E7A4F7556}") = "ProjectCoreDDD.Domain", "3 - Domain\ProjectCoreDDD.Domain\ProjectCoreDDD.Domain.csproj", "{ADAB7C15-28CD-44DC-AFB5-F5C9EEFE8705}"
EndProject
Project("{9A19103F-16F7-4668-BE54-9A1E7A4F7556}") = "ProjectCoreDDD.Domain.Core", "3 - Domain\ProjectCoreDDD.Domain.Core\ProjectCoreDDD.Domain.Core.csproj", "{E9C7DAD2-94BE-4A51-B1DB-47B56FB245D6}"
EndProject
Project("{9A19103F-16F7-4668-BE54-9A1E7A4F7556}") = "ProjectCoreDDD.Domain.Services", "3 - Domain\ProjectCoreDDD.Domain.Services\ProjectCoreDDD.Domain.Services.csproj", "{F28643C2-06F5-44AB-A3CD-3D32D5275046}"
EndProject
Project("{2150E333-8FDC-42A3-9474-1A3956D46DE8}") = "4 - Infra", "4 - Infra", "{96F47164-539D-4050-A08B-90A11CE321B6}"
EndProject
Project("{9A19103F-16F7-4668-BE54-9A1E7A4F7556}") = "ProjectCoreDDD.Infra", "4 - Infra\ProjectCoreDDD.Infra\ProjectCoreDDD.Infra.csproj", "{8C54FD69-06D2-48D9-829C-05AFC6DFEE8A}"
EndProject
Project("{9A19103F-16F7-4668-BE54-9A1E7A4F7556}") = "ProjectCoreDDD.Infra.CrossCutting", "ProjectCoreDDD.Infra.CrossCutting\ProjectCoreDDD.Infra.CrossCutting.csproj", "{89397A6B-7D32-4910-92C0-2211221BDE32}"
EndProject
Project("{FAE04EC0-301F-11D3-BF4B-00C04F79EFBC}") = "ProjectCoreDDD.Domain.Tests", "ProjectCoreDDD.Domain.Tests\ProjectCoreDDD.Domain.Tests.csproj", "{8F928ACB-5F5E-4A71-AE74-87E4FCBDD790}"
EndProject
Global
	GlobalSection(SolutionConfigurationPlatforms) = preSolution
		Debug|Any CPU = Debug|Any CPU
		Debug|x64 = Debug|x64
		Debug|x86 = Debug|x86
		Release|Any CPU = Release|Any CPU
		Release|x64 = Release|x64
		Release|x86 = Release|x86
	EndGlobalSection
	GlobalSection(ProjectConfigurationPlatforms) = postSolution
		{CF00AEAD-BD70-4A3B-8498-74C61F231BA9}.Debug|Any CPU.ActiveCfg = Debug|Any CPU
		{CF00AEAD-BD70-4A3B-8498-74C61F231BA9}.Debug|Any CPU.Build.0 = Debug|Any CPU
		{CF00AEAD-BD70-4A3B-8498-74C61F231BA9}.Debug|x64.ActiveCfg = Debug|Any CPU
		{CF00AEAD-BD70-4A3B-8498-74C61F231BA9}.Debug|x64.Build.0 = Debug|Any CPU
		{CF00AEAD-BD70-4A3B-8498-74C61F231BA9}.Debug|x86.ActiveCfg = Debug|Any CPU
		{CF00AEAD-BD70-4A3B-8498-74C61F231BA9}.Debug|x86.Build.0 = Debug|Any CPU
		{CF00AEAD-BD70-4A3B-8498-74C61F231BA9}.Release|Any CPU.ActiveCfg = Release|Any CPU
		{CF00AEAD-BD70-4A3B-8498-74C61F231BA9}.Release|Any CPU.Build.0 = Release|Any CPU
		{CF00AEAD-BD70-4A3B-8498-74C61F231BA9}.Release|x64.ActiveCfg = Release|Any CPU
		{CF00AEAD-BD70-4A3B-8498-74C61F231BA9}.Release|x64.Build.0 = Release|Any CPU
		{CF00AEAD-BD70-4A3B-8498-74C61F231BA9}.Release|x86.ActiveCfg = Release|Any CPU
		{CF00AEAD-BD70-4A3B-8498-74C61F231BA9}.Release|x86.Build.0 = Release|Any CPU
		{0DCBB7FF-1BEE-4D1D-8335-6F16418C2829}.Debug|Any CPU.ActiveCfg = Debug|Any CPU
		{0DCBB7FF-1BEE-4D1D-8335-6F16418C2829}.Debug|Any CPU.Build.0 = Debug|Any CPU
		{0DCBB7FF-1BEE-4D1D-8335-6F16418C2829}.Debug|x64.ActiveCfg = Debug|Any CPU
		{0DCBB7FF-1BEE-4D1D-8335-6F16418C2829}.Debug|x64.Build.0 = Debug|Any CPU
		{0DCBB7FF-1BEE-4D1D-8335-6F16418C2829}.Debug|x86.ActiveCfg = Debug|Any CPU
		{0DCBB7FF-1BEE-4D1D-8335-6F16418C2829}.Debug|x86.Build.0 = Debug|Any CPU
		{0DCBB7FF-1BEE-4D1D-8335-6F16418C2829}.Release|Any CPU.ActiveCfg = Release|Any CPU
		{0DCBB7FF-1BEE-4D1D-8335-6F16418C2829}.Release|Any CPU.Build.0 = Release|Any CPU
		{0DCBB7FF-1BEE-4D1D-8335-6F16418C2829}.Release|x64.ActiveCfg = Release|Any CPU
		{0DCBB7FF-1BEE-4D1D-8335-6F16418C2829}.Release|x64.Build.0 = Release|Any CPU
		{0DCBB7FF-1BEE-4D1D-8335-6F16418C2829}.Release|x86.ActiveCfg = Release|Any CPU
		{0DCBB7FF-1BEE-4D1D-8335-6F16418C2829}.Release|x86.Build.0 = Release|Any CPU
		{ADAB7C15-28CD-44DC-AFB5-F5C9EEFE8705}.Debug|Any CPU.ActiveCfg = Debug|Any CPU
		{ADAB7C15-28CD-44DC-AFB5-F5C9EEFE8705}.Debug|Any CPU.Build.0 = Debug|Any CPU
		{ADAB7C15-28CD-44DC-AFB5-F5C9EEFE8705}.Debug|x64.ActiveCfg = Debug|Any CPU
		{ADAB7C15-28CD-44DC-AFB5-F5C9EEFE8705}.Debug|x64.Build.0 = Debug|Any CPU
		{ADAB7C15-28CD-44DC-AFB5-F5C9EEFE8705}.Debug|x86.ActiveCfg = Debug|Any CPU
		{ADAB7C15-28CD-44DC-AFB5-F5C9EEFE8705}.Debug|x86.Build.0 = Debug|Any CPU
		{ADAB7C15-28CD-44DC-AFB5-F5C9EEFE8705}.Release|Any CPU.ActiveCfg = Release|Any CPU
		{ADAB7C15-28CD-44DC-AFB5-F5C9EEFE8705}.Release|Any CPU.Build.0 = Release|Any CPU
		{ADAB7C15-28CD-44DC-AFB5-F5C9EEFE8705}.Release|x64.ActiveCfg = Release|Any CPU
		{ADAB7C15-28CD-44DC-AFB5-F5C9EEFE8705}.Release|x64.Build.0 = Release|Any CPU
		{ADAB7C15-28CD-44DC-AFB5-F5C9EEFE8705}.Release|x86.ActiveCfg = Release|Any CPU
		{ADAB7C15-28CD-44DC-AFB5-F5C9EEFE8705}.Release|x86.Build.0 = Release|Any CPU
		{E9C7DAD2-94BE-4A51-B1DB-47B56FB245D6}.Debug|Any CPU.ActiveCfg = Debug|Any CPU
		{E9C7DAD2-94BE-4A51-B1DB-47B56FB245D6}.Debug|Any CPU.Build.0 = Debug|Any CPU
		{E9C7DAD2-94BE-4A51-B1DB-47B56FB245D6}.Debug|x64.ActiveCfg = Debug|Any CPU
		{E9C7DAD2-94BE-4A51-B1DB-47B56FB245D6}.Debug|x64.Build.0 = Debug|Any CPU
		{E9C7DAD2-94BE-4A51-B1DB-47B56FB245D6}.Debug|x86.ActiveCfg = Debug|Any CPU
		{E9C7DAD2-94BE-4A51-B1DB-47B56FB245D6}.Debug|x86.Build.0 = Debug|Any CPU
		{E9C7DAD2-94BE-4A51-B1DB-47B56FB245D6}.Release|Any CPU.ActiveCfg = Release|Any CPU
		{E9C7DAD2-94BE-4A51-B1DB-47B56FB245D6}.Release|Any CPU.Build.0 = Release|Any CPU
		{E9C7DAD2-94BE-4A51-B1DB-47B56FB245D6}.Release|x64.ActiveCfg = Release|Any CPU
		{E9C7DAD2-94BE-4A51-B1DB-47B56FB245D6}.Release|x64.Build.0 = Release|Any CPU
		{E9C7DAD2-94BE-4A51-B1DB-47B56FB245D6}.Release|x86.ActiveCfg = Release|Any CPU
		{E9C7DAD2-94BE-4A51-B1DB-47B56FB245D6}.Release|x86.Build.0 = Release|Any CPU
		{F28643C2-06F5-44AB-A3CD-3D32D5275046}.Debug|Any CPU.ActiveCfg = Debug|Any CPU
		{F28643C2-06F5-44AB-A3CD-3D32D5275046}.Debug|Any CPU.Build.0 = Debug|Any CPU
		{F28643C2-06F5-44AB-A3CD-3D32D5275046}.Debug|x64.ActiveCfg = Debug|Any CPU
		{F28643C2-06F5-44AB-A3CD-3D32D5275046}.Debug|x64.Build.0 = Debug|Any CPU
		{F28643C2-06F5-44AB-A3CD-3D32D5275046}.Debug|x86.ActiveCfg = Debug|Any CPU
		{F28643C2-06F5-44AB-A3CD-3D32D5275046}.Debug|x86.Build.0 = Debug|Any CPU
		{F28643C2-06F5-44AB-A3CD-3D32D5275046}.Release|Any CPU.ActiveCfg = Release|Any CPU
		{F28643C2-06F5-44AB-A3CD-3D32D5275046}.Release|Any CPU.Build.0 = Release|Any CPU
		{F28643C2-06F5-44AB-A3CD-3D32D5275046}.Release|x64.ActiveCfg = Release|Any CPU
		{F28643C2-06F5-44AB-A3CD-3D32D5275046}.Release|x64.Build.0 = Release|Any CPU
		{F28643C2-06F5-44AB-A3CD-3D32D5275046}.Release|x86.ActiveCfg = Release|Any CPU
		{F28643C2-06F5-44AB-A3CD-3D32D5275046}.Release|x86.Build.0 = Release|Any CPU
		{8C54FD69-06D2-48D9-829C-05AFC6DFEE8A}.Debug|Any CPU.ActiveCfg = Debug|Any CPU
		{8C54FD69-06D2-48D9-829C-05AFC6DFEE8A}.Debug|Any CPU.Build.0 = Debug|Any CPU
		{8C54FD69-06D2-48D9-829C-05AFC6DFEE8A}.Debug|x64.ActiveCfg = Debug|Any CPU
		{8C54FD69-06D2-48D9-829C-05AFC6DFEE8A}.Debug|x64.Build.0 = Debug|Any CPU
		{8C54FD69-06D2-48D9-829C-05AFC6DFEE8A}.Debug|x86.ActiveCfg = Debug|Any CPU
		{8C54FD69-06D2-48D9-829C-05AFC6DFEE8A}.Debug|x86.Build.0 = Debug|Any CPU
		{8C54FD69-06D2-48D9-829C-05AFC6DFEE8A}.Release|Any CPU.ActiveCfg = Release|Any CPU
		{8C54FD69-06D2-48D9-829C-05AFC6DFEE8A}.Release|Any CPU.Build.0 = Release|Any CPU
		{8C54FD69-06D2-48D9-829C-05AFC6DFEE8A}.Release|x64.ActiveCfg = Release|Any CPU
		{8C54FD69-06D2-48D9-829C-05AFC6DFEE8A}.Release|x64.Build.0 = Release|Any CPU
		{8C54FD69-06D2-48D9-829C-05AFC6DFEE8A}.Release|x86.ActiveCfg = Release|Any CPU
		{8C54FD69-06D2-48D9-829C-05AFC6DFEE8A}.Release|x86.Build.0 = Release|Any CPU
		{89397A6B-7D32-4910-92C0-2211221BDE32}.Debug|Any CPU.ActiveCfg = Debug|Any CPU
		{89397A6B-7D32-4910-92C0-2211221BDE32}.Debug|Any CPU.Build.0 = Debug|Any CPU
		{89397A6B-7D32-4910-92C0-2211221BDE32}.Debug|x64.ActiveCfg = Debug|Any CPU
		{89397A6B-7D32-4910-92C0-2211221BDE32}.Debug|x64.Build.0 = Debug|Any CPU
		{89397A6B-7D32-4910-92C0-2211221BDE32}.Debug|x86.ActiveCfg = Debug|Any CPU
		{89397A6B-7D32-4910-92C0-2211221BDE32}.Debug|x86.Build.0 = Debug|Any CPU
		{89397A6B-7D32-4910-92C0-2211221BDE32}.Release|Any CPU.ActiveCfg = Release|Any CPU
		{89397A6B-7D32-4910-92C0-2211221BDE32}.Release|Any CPU.Build.0 = Release|Any CPU
		{89397A6B-7D32-4910-92C0-2211221BDE32}.Release|x64.ActiveCfg = Release|Any CPU
		{89397A6B-7D32-4910-92C0-2211221BDE32}.Release|x64.Build.0 = Release|Any CPU
		{89397A6B-7D32-4910-92C0-2211221BDE32}.Release|x86.ActiveCfg = Release|Any CPU
		{89397A6B-7D32-4910-92C0-2211221BDE32}.Release|x86.Build.0 = Release|Any CPU
		{8F928ACB-5F5E-4A71-AE74-87E4FCBDD790}.Debug|Any CPU.ActiveCfg = Debug|Any CPU
		{8F928ACB-5F5E-4A71-AE74-87E4FCBDD790}.Debug|Any CPU.Build.0 = Debug|Any CPU
		{8F928ACB-5F5E-4A71-AE74-87E4FCBDD790}.Debug|x64.ActiveCfg = Debug|Any CPU
		{8F928ACB-5F5E-4A71-AE74-87E4FCBDD790}.Debug|x64.Build.0 = Debug|Any CPU
		{8F928ACB-5F5E-4A71-AE74-87E4FCBDD790}.Debug|x86.ActiveCfg = Debug|Any CPU
		{8F928ACB-5F5E-4A71-AE74-87E4FCBDD790}.Debug|x86.Build.0 = Debug|Any CPU
		{8F928ACB-5F5E-4A71-AE74-87E4FCBDD790}.Release|Any CPU.ActiveCfg = Release|Any CPU
		{8F928ACB-5F5E-4A71-AE74-87E4FCBDD790}.Release|Any CPU.Build.0 = Release|Any CPU
		{8F928ACB-5F5E-4A71-AE74-87E4FCBDD790}.Release|x64.ActiveCfg = Release|Any CPU
		{8F928ACB-5F5E-4A71-AE74-87E4FCBDD790}.Release|x64.Build.0 = Release|Any CPU
		{8F928ACB-5F5E-4A71-AE74-87E4FCBDD790}.Release|x86.ActiveCfg = Release|Any CPU
		{8F928ACB-5F5E-4A71-AE74-87E4FCBDD790}.Release|x86.Build.0 = Release|Any CPU
	EndGlobalSection
	GlobalSection(SolutionProperties) = preSolution
		HideSolutionNode = FALSE
	EndGlobalSection
	GlobalSection(NestedProjects) = preSolution
		{CF00AEAD-BD70-4A3B-8498-74C61F231BA9} = {5CAD4890-801A-42C5-B8B8-64B732F4A5E2}
		{0DCBB7FF-1BEE-4D1D-8335-6F16418C2829} = {846E4019-9EC2-48EF-831E-3C19D12CA5FE}
		{ADAB7C15-28CD-44DC-AFB5-F5C9EEFE8705} = {27591DDD-F99A-49BB-B9F8-3D0F6D4DC53A}
		{E9C7DAD2-94BE-4A51-B1DB-47B56FB245D6} = {27591DDD-F99A-49BB-B9F8-3D0F6D4DC53A}
		{F28643C2-06F5-44AB-A3CD-3D32D5275046} = {27591DDD-F99A-49BB-B9F8-3D0F6D4DC53A}
		{8C54FD69-06D2-48D9-829C-05AFC6DFEE8A} = {96F47164-539D-4050-A08B-90A11CE321B6}
		{89397A6B-7D32-4910-92C0-2211221BDE32} = {96F47164-539D-4050-A08B-90A11CE321B6}
		{8F928ACB-5F5E-4A71-AE74-87E4FCBDD790} = {27591DDD-F99A-49BB-B9F8-3D0F6D4DC53A}
	EndGlobalSection
	GlobalSection(ExtensibilityGlobals) = postSolution
		SolutionGuid = {40D853DD-A0AF-491F-804C-71B707C8A1C0}
	EndGlobalSection
EndGlobal
